PODS:
  - OAuthSwift (2.1.0)
  - SimpleTwitterAuthentication (2.0.2):
    - OAuthSwift (~> 2.1)

DEPENDENCIES:
  - SimpleTwitterAuthentication (from `../`)

SPEC REPOS:
  trunk:
    - OAuthSwift

EXTERNAL SOURCES:
  SimpleTwitterAuthentication:
    :path: "../"

SPEC CHECKSUMS:
  OAuthSwift: ab1675598273e04355e0282459c328e65c9ddacd
  SimpleTwitterAuthentication: b814f850094ffbbb79f43b1685d01850e9c3a380

PODFILE CHECKSUM: 29077c9e1ba2fd78b060eb48fbbcb27f7be0ba37

COCOAPODS: 1.9.3
